// !$*UTF8*$!
{
	archiveVersion = 1;
	classes = {
	};
	objectVersion = 52;
	objects = {

/* Begin PBXBuildFile section */
		B910714525DD0C6100C78D54 /* NewsTableViewCell.swift in Sources */ = {isa = PBXBuildFile; fileRef = B910714425DD0C6100C78D54 /* NewsTableViewCell.swift */; };
		B910714825DD0C7800C78D54 /* DetailViewController.swift in Sources */ = {isa = PBXBuildFile; fileRef = B910714725DD0C7800C78D54 /* DetailViewController.swift */; };
		B910714B25DD0C8B00C78D54 /* WebViewController.swift in Sources */ = {isa = PBXBuildFile; fileRef = B910714A25DD0C8B00C78D54 /* WebViewController.swift */; };
		B910714E25DD0CA400C78D54 /* SavedNewsTableViewController.swift in Sources */ = {isa = PBXBuildFile; fileRef = B910714D25DD0CA400C78D54 /* SavedNewsTableViewController.swift */; };
		B910715225DD0DAA00C78D54 /* Gloss in Frameworks */ = {isa = PBXBuildFile; productRef = B910715125DD0DAA00C78D54 /* Gloss */; };
		B911096F25DD060400ED4DF6 /* AppDelegate.swift in Sources */ = {isa = PBXBuildFile; fileRef = B911096E25DD060400ED4DF6 /* AppDelegate.swift */; };
		B911097125DD060400ED4DF6 /* SceneDelegate.swift in Sources */ = {isa = PBXBuildFile; fileRef = B911097025DD060400ED4DF6 /* SceneDelegate.swift */; };
		B911097325DD060400ED4DF6 /* NewsFeedViewController.swift in Sources */ = {isa = PBXBuildFile; fileRef = B911097225DD060400ED4DF6 /* NewsFeedViewController.swift */; };
		B911097625DD060400ED4DF6 /* Main.storyboard in Resources */ = {isa = PBXBuildFile; fileRef = B911097425DD060400ED4DF6 /* Main.storyboard */; };
		B911097925DD060400ED4DF6 /* LatvianNewsFeed.xcdatamodeld in Sources */ = {isa = PBXBuildFile; fileRef = B911097725DD060400ED4DF6 /* LatvianNewsFeed.xcdatamodeld */; };
		B911097B25DD060500ED4DF6 /* Assets.xcassets in Resources */ = {isa = PBXBuildFile; fileRef = B911097A25DD060500ED4DF6 /* Assets.xcassets */; };
		B911097E25DD060500ED4DF6 /* LaunchScreen.storyboard in Resources */ = {isa = PBXBuildFile; fileRef = B911097C25DD060500ED4DF6 /* LaunchScreen.storyboard */; };
		B911098C25DD06CD00ED4DF6 /* Item.swift in Sources */ = {isa = PBXBuildFile; fileRef = B911098B25DD06CD00ED4DF6 /* Item.swift */; };
/* End PBXBuildFile section */

/* Begin PBXFileReference section */
		B910714425DD0C6100C78D54 /* NewsTableViewCell.swift */ = {isa = PBXFileReference; lastKnownFileType = sourcecode.swift; path = NewsTableViewCell.swift; sourceTree = "<group>"; };
		B910714725DD0C7800C78D54 /* DetailViewController.swift */ = {isa = PBXFileReference; lastKnownFileType = sourcecode.swift; path = DetailViewController.swift; sourceTree = "<group>"; };
		B910714A25DD0C8B00C78D54 /* WebViewController.swift */ = {isa = PBXFileReference; lastKnownFileType = sourcecode.swift; path = WebViewController.swift; sourceTree = "<group>"; };
		B910714D25DD0CA400C78D54 /* SavedNewsTableViewController.swift */ = {isa = PBXFileReference; lastKnownFileType = sourcecode.swift; path = SavedNewsTableViewController.swift; sourceTree = "<group>"; };
		B911096B25DD060400ED4DF6 /* LatvianNewsFeed.app */ = {isa = PBXFileReference; explicitFileType = wrapper.application; includeInIndex = 0; path = LatvianNewsFeed.app; sourceTree = BUILT_PRODUCTS_DIR; };
		B911096E25DD060400ED4DF6 /* AppDelegate.swift */ = {isa = PBXFileReference; lastKnownFileType = sourcecode.swift; path = AppDelegate.swift; sourceTree = "<group>"; };
		B911097025DD060400ED4DF6 /* SceneDelegate.swift */ = {isa = PBXFileReference; lastKnownFileType = sourcecode.swift; path = SceneDelegate.swift; sourceTree = "<group>"; };
		B911097225DD060400ED4DF6 /* NewsFeedViewController.swift */ = {isa = PBXFileReference; lastKnownFileType = sourcecode.swift; path = NewsFeedViewController.swift; sourceTree = "<group>"; };
		B911097525DD060400ED4DF6 /* Base */ = {isa = PBXFileReference; lastKnownFileType = file.storyboard; name = Base; path = Base.lproj/Main.storyboard; sourceTree = "<group>"; };
		B911097825DD060400ED4DF6 /* LatvianNewsFeed.xcdatamodel */ = {isa = PBXFileReference; lastKnownFileType = wrapper.xcdatamodel; path = LatvianNewsFeed.xcdatamodel; sourceTree = "<group>"; };
		B911097A25DD060500ED4DF6 /* Assets.xcassets */ = {isa = PBXFileReference; lastKnownFileType = folder.assetcatalog; path = Assets.xcassets; sourceTree = "<group>"; };
		B911097D25DD060500ED4DF6 /* Base */ = {isa = PBXFileReference; lastKnownFileType = file.storyboard; name = Base; path = Base.lproj/LaunchScreen.storyboard; sourceTree = "<group>"; };
		B911097F25DD060500ED4DF6 /* Info.plist */ = {isa = PBXFileReference; lastKnownFileType = text.plist.xml; path = Info.plist; sourceTree = "<group>"; };
		B911098B25DD06CD00ED4DF6 /* Item.swift */ = {isa = PBXFileReference; lastKnownFileType = sourcecode.swift; path = Item.swift; sourceTree = "<group>"; };
/* End PBXFileReference section */

/* Begin PBXFrameworksBuildPhase section */
		B911096825DD060400ED4DF6 /* Frameworks */ = {
			isa = PBXFrameworksBuildPhase;
			buildActionMask = 2147483647;
			files = (
				B910715225DD0DAA00C78D54 /* Gloss in Frameworks */,
			);
			runOnlyForDeploymentPostprocessing = 0;
		};
/* End PBXFrameworksBuildPhase section */

/* Begin PBXGroup section */
		B911096225DD060400ED4DF6 = {
			isa = PBXGroup;
			children = (
				B911096D25DD060400ED4DF6 /* LatvianNewsFeed */,
				B911096C25DD060400ED4DF6 /* Products */,
			);
			sourceTree = "<group>";
		};
		B911096C25DD060400ED4DF6 /* Products */ = {
			isa = PBXGroup;
			children = (
				B911096B25DD060400ED4DF6 /* LatvianNewsFeed.app */,
			);
			name = Products;
			sourceTree = "<group>";
		};
		B911096D25DD060400ED4DF6 /* LatvianNewsFeed */ = {
			isa = PBXGroup;
			children = (
				B911098F25DD06DB00ED4DF6 /* Model */,
				B911098825DD066400ED4DF6 /* App Delegate */,
				B911099125DD06E800ED4DF6 /* Controllers */,
				B911098A25DD067B00ED4DF6 /* View */,
				B911097A25DD060500ED4DF6 /* Assets.xcassets */,
				B911097F25DD060500ED4DF6 /* Info.plist */,
				B911097725DD060400ED4DF6 /* LatvianNewsFeed.xcdatamodeld */,
			);
			path = LatvianNewsFeed;
			sourceTree = "<group>";
		};
		B911098825DD066400ED4DF6 /* App Delegate */ = {
			isa = PBXGroup;
			children = (
				B911096E25DD060400ED4DF6 /* AppDelegate.swift */,
				B911097025DD060400ED4DF6 /* SceneDelegate.swift */,
			);
			path = "App Delegate";
			sourceTree = "<group>";
		};
		B911098A25DD067B00ED4DF6 /* View */ = {
			isa = PBXGroup;
			children = (
				B911097425DD060400ED4DF6 /* Main.storyboard */,
				B911097C25DD060500ED4DF6 /* LaunchScreen.storyboard */,
			);
			path = View;
			sourceTree = "<group>";
		};
		B911098F25DD06DB00ED4DF6 /* Model */ = {
			isa = PBXGroup;
			children = (
				B911098B25DD06CD00ED4DF6 /* Item.swift */,
			);
			path = Model;
			sourceTree = "<group>";
		};
		B911099125DD06E800ED4DF6 /* Controllers */ = {
			isa = PBXGroup;
			children = (
				B911097225DD060400ED4DF6 /* NewsFeedViewController.swift */,
				B910714425DD0C6100C78D54 /* NewsTableViewCell.swift */,
				B910714725DD0C7800C78D54 /* DetailViewController.swift */,
				B910714A25DD0C8B00C78D54 /* WebViewController.swift */,
				B910714D25DD0CA400C78D54 /* SavedNewsTableViewController.swift */,
			);
			path = Controllers;
			sourceTree = "<group>";
		};
/* End PBXGroup section */

/* Begin PBXNativeTarget section */
		B911096A25DD060400ED4DF6 /* LatvianNewsFeed */ = {
			isa = PBXNativeTarget;
			buildConfigurationList = B911098225DD060500ED4DF6 /* Build configuration list for PBXNativeTarget "LatvianNewsFeed" */;
			buildPhases = (
				B911096725DD060400ED4DF6 /* Sources */,
				B911096825DD060400ED4DF6 /* Frameworks */,
				B911096925DD060400ED4DF6 /* Resources */,
			);
			buildRules = (
			);
			dependencies = (
			);
			name = LatvianNewsFeed;
			packageProductDependencies = (
				B910715125DD0DAA00C78D54 /* Gloss */,
			);
			productName = LatvianNewsFeed;
			productReference = B911096B25DD060400ED4DF6 /* LatvianNewsFeed.app */;
			productType = "com.apple.product-type.application";
		};
/* End PBXNativeTarget section */

/* Begin PBXProject section */
		B911096325DD060400ED4DF6 /* Project object */ = {
			isa = PBXProject;
			attributes = {
				LastSwiftUpdateCheck = 1240;
				LastUpgradeCheck = 1240;
				TargetAttributes = {
					B911096A25DD060400ED4DF6 = {
						CreatedOnToolsVersion = 12.4;
					};
				};
			};
			buildConfigurationList = B911096625DD060400ED4DF6 /* Build configuration list for PBXProject "LatvianNewsFeed" */;
			compatibilityVersion = "Xcode 9.3";
			developmentRegion = en;
			hasScannedForEncodings = 0;
			knownRegions = (
				en,
				Base,
			);
			mainGroup = B911096225DD060400ED4DF6;
			packageReferences = (
				B910715025DD0DAA00C78D54 /* XCRemoteSwiftPackageReference "Gloss" */,
			);
			productRefGroup = B911096C25DD060400ED4DF6 /* Products */;
			projectDirPath = "";
			projectRoot = "";
			targets = (
				B911096A25DD060400ED4DF6 /* LatvianNewsFeed */,
			);
		};
/* End PBXProject section */

/* Begin PBXResourcesBuildPhase section */
		B911096925DD060400ED4DF6 /* Resources */ = {
			isa = PBXResourcesBuildPhase;
			buildActionMask = 2147483647;
			files = (
				B911097E25DD060500ED4DF6 /* LaunchScreen.storyboard in Resources */,
				B911097B25DD060500ED4DF6 /* Assets.xcassets in Resources */,
				B911097625DD060400ED4DF6 /* Main.storyboard in Resources */,
			);
			runOnlyForDeploymentPostprocessing = 0;
		};
/* End PBXResourcesBuildPhase section */

/* Begin PBXSourcesBuildPhase section */
		B911096725DD060400ED4DF6 /* Sources */ = {
			isa = PBXSourcesBuildPhase;
			buildActionMask = 2147483647;
			files = (
				B911098C25DD06CD00ED4DF6 /* Item.swift in Sources */,
				B911097925DD060400ED4DF6 /* LatvianNewsFeed.xcdatamodeld in Sources */,
				B910714525DD0C6100C78D54 /* NewsTableViewCell.swift in Sources */,
				B911097325DD060400ED4DF6 /* NewsFeedViewController.swift in Sources */,
				B911096F25DD060400ED4DF6 /* AppDelegate.swift in Sources */,
				B911097125DD060400ED4DF6 /* SceneDelegate.swift in Sources */,
				B910714825DD0C7800C78D54 /* DetailViewController.swift in Sources */,
				B910714B25DD0C8B00C78D54 /* WebViewController.swift in Sources */,
				B910714E25DD0CA400C78D54 /* SavedNewsTableViewController.swift in Sources */,
			);
			runOnlyForDeploymentPostprocessing = 0;
		};
/* End PBXSourcesBuildPhase section */

/* Begin PBXVariantGroup section */
		B911097425DD060400ED4DF6 /* Main.storyboard */ = {
			isa = PBXVariantGroup;
			children = (
				B911097525DD060400ED4DF6 /* Base */,
			);
			name = Main.storyboard;
			sourceTree = "<group>";
		};
		B911097C25DD060500ED4DF6 /* LaunchScreen.storyboard */ = {
			isa = PBXVariantGroup;
			children = (
				B911097D25DD060500ED4DF6 /* Base */,
			);
			name = LaunchScreen.storyboard;
			sourceTree = "<group>";
		};
/* End PBXVariantGroup section */

/* Begin XCBuildConfiguration section */
		B911098025DD060500ED4DF6 /* Debug */ = {
			isa = XCBuildConfiguration;
			buildSettings = {
				ALWAYS_SEARCH_USER_PATHS = NO;
				CLANG_ANALYZER_NONNULL = YES;
				CLANG_ANALYZER_NUMBER_OBJECT_CONVERSION = YES_AGGRESSIVE;
				CLANG_CXX_LANGUAGE_STANDARD = "gnu++14";
				CLANG_CXX_LIBRARY = "libc++";
				CLANG_ENABLE_MODULES = YES;
				CLANG_ENABLE_OBJC_ARC = YES;
				CLANG_ENABLE_OBJC_WEAK = YES;
				CLANG_WARN_BLOCK_CAPTURE_AUTORELEASING = YES;
				CLANG_WARN_BOOL_CONVERSION = YES;
				CLANG_WARN_COMMA = YES;
				CLANG_WARN_CONSTANT_CONVERSION = YES;
				CLANG_WARN_DEPRECATED_OBJC_IMPLEMENTATIONS = YES;
				CLANG_WARN_DIRECT_OBJC_ISA_USAGE = YES_ERROR;
				CLANG_WARN_DOCUMENTATION_COMMENTS = YES;
				CLANG_WARN_EMPTY_BODY = YES;
				CLANG_WARN_ENUM_CONVERSION = YES;
				CLANG_WARN_INFINITE_RECURSION = YES;
				CLANG_WARN_INT_CONVERSION = YES;
				CLANG_WARN_NON_LITERAL_NULL_CONVERSION = YES;
				CLANG_WARN_OBJC_IMPLICIT_RETAIN_SELF = YES;
				CLANG_WARN_OBJC_LITERAL_CONVERSION = YES;
				CLANG_WARN_OBJC_ROOT_CLASS = YES_ERROR;
				CLANG_WARN_QUOTED_INCLUDE_IN_FRAMEWORK_HEADER = YES;
				CLANG_WARN_RANGE_LOOP_ANALYSIS = YES;
				CLANG_WARN_STRICT_PROTOTYPES = YES;
				CLANG_WARN_SUSPICIOUS_MOVE = YES;
				CLANG_WARN_UNGUARDED_AVAILABILITY = YES_AGGRESSIVE;
				CLANG_WARN_UNREACHABLE_CODE = YES;
				CLANG_WARN__DUPLICATE_METHOD_MATCH = YES;
				COPY_PHASE_STRIP = NO;
				DEBUG_INFORMATION_FORMAT = dwarf;
				ENABLE_STRICT_OBJC_MSGSEND = YES;
				ENABLE_TESTABILITY = YES;
				GCC_C_LANGUAGE_STANDARD = gnu11;
				GCC_DYNAMIC_NO_PIC = NO;
				GCC_NO_COMMON_BLOCKS = YES;
				GCC_OPTIMIZATION_LEVEL = 0;
				GCC_PREPROCESSOR_DEFINITIONS = (
					"DEBUG=1",
					"$(inherited)",
				);
				GCC_WARN_64_TO_32_BIT_CONVERSION = YES;
				GCC_WARN_ABOUT_RETURN_TYPE = YES_ERROR;
				GCC_WARN_UNDECLARED_SELECTOR = YES;
				GCC_WARN_UNINITIALIZED_AUTOS = YES_AGGRESSIVE;
				GCC_WARN_UNUSED_FUNCTION = YES;
				GCC_WARN_UNUSED_VARIABLE = YES;
				IPHONEOS_DEPLOYMENT_TARGET = 14.4;
				MTL_ENABLE_DEBUG_INFO = INCLUDE_SOURCE;
				MTL_FAST_MATH = YES;
				ONLY_ACTIVE_ARCH = YES;
				SDKROOT = iphoneos;
				SWIFT_ACTIVE_COMPILATION_CONDITIONS = DEBUG;
				SWIFT_OPTIMIZATION_LEVEL = "-Onone";
			};
			name = Debug;
		};
		B911098125DD060500ED4DF6 /* Release */ = {
			isa = XCBuildConfiguration;
			buildSettings = {
				ALWAYS_SEARCH_USER_PATHS = NO;
				CLANG_ANALYZER_NONNULL = YES;
				CLANG_ANALYZER_NUMBER_OBJECT_CONVERSION = YES_AGGRESSIVE;
				CLANG_CXX_LANGUAGE_STANDARD = "gnu++14";
				CLANG_CXX_LIBRARY = "libc++";
				CLANG_ENABLE_MODULES = YES;
				CLANG_ENABLE_OBJC_ARC = YES;
				CLANG_ENABLE_OBJC_WEAK = YES;
				CLANG_WARN_BLOCK_CAPTURE_AUTORELEASING = YES;
				CLANG_WARN_BOOL_CONVERSION = YES;
				CLANG_WARN_COMMA = YES;
				CLANG_WARN_CONSTANT_CONVERSION = YES;
				CLANG_WARN_DEPRECATED_OBJC_IMPLEMENTATIONS = YES;
				CLANG_WARN_DIRECT_OBJC_ISA_USAGE = YES_ERROR;
				CLANG_WARN_DOCUMENTATION_COMMENTS = YES;
				CLANG_WARN_EMPTY_BODY = YES;
				CLANG_WARN_ENUM_CONVERSION = YES;
				CLANG_WARN_INFINITE_RECURSION = YES;
				CLANG_WARN_INT_CONVERSION = YES;
				CLANG_WARN_NON_LITERAL_NULL_CONVERSION = YES;
				CLANG_WARN_OBJC_IMPLICIT_RETAIN_SELF = YES;
				CLANG_WARN_OBJC_LITERAL_CONVERSION = YES;
				CLANG_WARN_OBJC_ROOT_CLASS = YES_ERROR;
				CLANG_WARN_QUOTED_INCLUDE_IN_FRAMEWORK_HEADER = YES;
				CLANG_WARN_RANGE_LOOP_ANALYSIS = YES;
				CLANG_WARN_STRICT_PROTOTYPES = YES;
				CLANG_WARN_SUSPICIOUS_MOVE = YES;
				CLANG_WARN_UNGUARDED_AVAILABILITY = YES_AGGRESSIVE;
				CLANG_WARN_UNREACHABLE_CODE = YES;
				CLANG_WARN__DUPLICATE_METHOD_MATCH = YES;
				COPY_PHASE_STRIP = NO;
				DEBUG_INFORMATION_FORMAT = "dwarf-with-dsym";
				ENABLE_NS_ASSERTIONS = NO;
				ENABLE_STRICT_OBJC_MSGSEND = YES;
				GCC_C_LANGUAGE_STANDARD = gnu11;
				GCC_NO_COMMON_BLOCKS = YES;
				GCC_WARN_64_TO_32_BIT_CONVERSION = YES;
				GCC_WARN_ABOUT_RETURN_TYPE = YES_ERROR;
				GCC_WARN_UNDECLARED_SELECTOR = YES;
				GCC_WARN_UNINITIALIZED_AUTOS = YES_AGGRESSIVE;
				GCC_WARN_UNUSED_FUNCTION = YES;
				GCC_WARN_UNUSED_VARIABLE = YES;
				IPHONEOS_DEPLOYMENT_TARGET = 14.4;
				MTL_ENABLE_DEBUG_INFO = NO;
				MTL_FAST_MATH = YES;
				SDKROOT = iphoneos;
				SWIFT_COMPILATION_MODE = wholemodule;
				SWIFT_OPTIMIZATION_LEVEL = "-O";
				VALIDATE_PRODUCT = YES;
			};
			name = Release;
		};
		B911098325DD060500ED4DF6 /* Debug */ = {
			isa = XCBuildConfiguration;
			buildSettings = {
				ASSETCATALOG_COMPILER_APPICON_NAME = AppIcon;
				ASSETCATALOG_COMPILER_GLOBAL_ACCENT_COLOR_NAME = AccentColor;
				CODE_SIGN_STYLE = Automatic;
				DEVELOPMENT_TEAM = QU577HR376;
				INFOPLIST_FILE = LatvianNewsFeed/Info.plist;
				LD_RUNPATH_SEARCH_PATHS = (
					"$(inherited)",
					"@executable_path/Frameworks",
				);
				PRODUCT_BUNDLE_IDENTIFIER = lv.accenture.bootcamp.LatvianNewsFeed;
				PRODUCT_NAME = "$(TARGET_NAME)";
				SWIFT_VERSION = 5.0;
				TARGETED_DEVICE_FAMILY = "1,2";
			};
			name = Debug;
		};
		B911098425DD060500ED4DF6 /* Release */ = {
			isa = XCBuildConfiguration;
			buildSettings = {
				ASSETCATALOG_COMPILER_APPICON_NAME = AppIcon;
				ASSETCATALOG_COMPILER_GLOBAL_ACCENT_COLOR_NAME = AccentColor;
				CODE_SIGN_STYLE = Automatic;
				DEVELOPMENT_TEAM = QU577HR376;
				INFOPLIST_FILE = LatvianNewsFeed/Info.plist;
				LD_RUNPATH_SEARCH_PATHS = (
					"$(inherited)",
					"@executable_path/Frameworks",
				);
				PRODUCT_BUNDLE_IDENTIFIER = lv.accenture.bootcamp.LatvianNewsFeed;
				PRODUCT_NAME = "$(TARGET_NAME)";
				SWIFT_VERSION = 5.0;
				TARGETED_DEVICE_FAMILY = "1,2";
			};
			name = Release;
		};
/* End XCBuildConfiguration section */

/* Begin XCConfigurationList section */
		B911096625DD060400ED4DF6 /* Build configuration list for PBXProject "LatvianNewsFeed" */ = {
			isa = XCConfigurationList;
			buildConfigurations = (
				B911098025DD060500ED4DF6 /* Debug */,
				B911098125DD060500ED4DF6 /* Release */,
			);
			defaultConfigurationIsVisible = 0;
			defaultConfigurationName = Release;
		};
		B911098225DD060500ED4DF6 /* Build configuration list for PBXNativeTarget "LatvianNewsFeed" */ = {
			isa = XCConfigurationList;
			buildConfigurations = (
				B911098325DD060500ED4DF6 /* Debug */,
				B911098425DD060500ED4DF6 /* Release */,
			);
			defaultConfigurationIsVisible = 0;
			defaultConfigurationName = Release;
		};
/* End XCConfigurationList section */

/* Begin XCRemoteSwiftPackageReference section */
		B910715025DD0DAA00C78D54 /* XCRemoteSwiftPackageReference "Gloss" */ = {
			isa = XCRemoteSwiftPackageReference;
			repositoryURL = "https://github.com/hkellaway/Gloss.git";
			requirement = {
				kind = upToNextMajorVersion;
				minimumVersion = 3.2.1;
			};
		};
/* End XCRemoteSwiftPackageReference section */

/* Begin XCSwiftPackageProductDependency section */
		B910715125DD0DAA00C78D54 /* Gloss */ = {
			isa = XCSwiftPackageProductDependency;
			package = B910715025DD0DAA00C78D54 /* XCRemoteSwiftPackageReference "Gloss" */;
			productName = Gloss;
		};
/* End XCSwiftPackageProductDependency section */

/* Begin XCVersionGroup section */
		B911097725DD060400ED4DF6 /* LatvianNewsFeed.xcdatamodeld */ = {
			isa = XCVersionGroup;
			children = (
				B911097825DD060400ED4DF6 /* LatvianNewsFeed.xcdatamodel */,
			);
			currentVersion = B911097825DD060400ED4DF6 /* LatvianNewsFeed.xcdatamodel */;
			path = LatvianNewsFeed.xcdatamodeld;
			sourceTree = "<group>";
			versionGroupType = wrapper.xcdatamodel;
		};
/* End XCVersionGroup section */
	};
	rootObject = B911096325DD060400ED4DF6 /* Project object */;
}
